
Microsoft Visual Studio Solution File, Format Version 12.00
# Visual Studio Version 16
VisualStudioVersion = 16.0.30225.117
MinimumVisualStudioVersion = 10.0.40219.1
Project("{9A19103F-16F7-4668-BE54-9A1E7A4F7556}") = "KampIntro", "KampIntro\KampIntro.csproj", "{75EFEFB2-0C60-4290-9AF3-8A77F9B6437B}"
EndProject
Project("{9A19103F-16F7-4668-BE54-9A1E7A4F7556}") = "Metodlar", "Metodlar\Metodlar.csproj", "{948DD317-1A5E-4F61-B64B-13B79E5DB9B8}"
EndProject
Project("{FAE04EC0-301F-11D3-BF4B-00C04F79EFBC}") = "OOP", "OOP\OOP.csproj", "{5BFC1096-C89E-4154-8E87-2F6D061C69AB}"
EndProject
Global
	GlobalSection(SolutionConfigurationPlatforms) = preSolution
		Debug|Any CPU = Debug|Any CPU
		Release|Any CPU = Release|Any CPU
	EndGlobalSection
	GlobalSection(ProjectConfigurationPlatforms) = postSolution
		{75EFEFB2-0C60-4290-9AF3-8A77F9B6437B}.Debug|Any CPU.ActiveCfg = Debug|Any CPU
		{75EFEFB2-0C60-4290-9AF3-8A77F9B6437B}.Debug|Any CPU.Build.0 = Debug|Any CPU
		{75EFEFB2-0C60-4290-9AF3-8A77F9B6437B}.Release|Any CPU.ActiveCfg = Release|Any CPU
		{75EFEFB2-0C60-4290-9AF3-8A77F9B6437B}.Release|Any CPU.Build.0 = Release|Any CPU
		{948DD317-1A5E-4F61-B64B-13B79E5DB9B8}.Debug|Any CPU.ActiveCfg = Debug|Any CPU
		{948DD317-1A5E-4F61-B64B-13B79E5DB9B8}.Debug|Any CPU.Build.0 = Debug|Any CPU
		{948DD317-1A5E-4F61-B64B-13B79E5DB9B8}.Release|Any CPU.ActiveCfg = Release|Any CPU
		{948DD317-1A5E-4F61-B64B-13B79E5DB9B8}.Release|Any CPU.Build.0 = Release|Any CPU
		{5BFC1096-C89E-4154-8E87-2F6D061C69AB}.Debug|Any CPU.ActiveCfg = Debug|Any CPU
		{5BFC1096-C89E-4154-8E87-2F6D061C69AB}.Debug|Any CPU.Build.0 = Debug|Any CPU
		{5BFC1096-C89E-4154-8E87-2F6D061C69AB}.Release|Any CPU.ActiveCfg = Release|Any CPU
		{5BFC1096-C89E-4154-8E87-2F6D061C69AB}.Release|Any CPU.Build.0 = Release|Any CPU
	EndGlobalSection
	GlobalSection(SolutionProperties) = preSolution
		HideSolutionNode = FALSE
	EndGlobalSection
	GlobalSection(ExtensibilityGlobals) = postSolution
		SolutionGuid = {5D5C7FC6-9727-45F8-82EE-1BB625BF13C4}
	EndGlobalSection
EndGlobal
